
Microsoft Visual Studio Solution File, Format Version 12.00
# Visual Studio Version 16
VisualStudioVersion = 16.0.30204.135
MinimumVisualStudioVersion = 10.0.40219.1
Project("{FAE04EC0-301F-11D3-BF4B-00C04F79EFBC}") = "P4_api_zadanko_w_net_core", "P4_api_zadanko_w_net_core\P4_api_zadanko_w_net_core.csproj", "{A119405E-7D44-444C-BA80-DD897D45FD49}"
EndProject
Global
	GlobalSection(SolutionConfigurationPlatforms) = preSolution
		Debug|Any CPU = Debug|Any CPU
		Release|Any CPU = Release|Any CPU
	EndGlobalSection
	GlobalSection(ProjectConfigurationPlatforms) = postSolution
		{A119405E-7D44-444C-BA80-DD897D45FD49}.Debug|Any CPU.ActiveCfg = Debug|Any CPU
		{A119405E-7D44-444C-BA80-DD897D45FD49}.Debug|Any CPU.Build.0 = Debug|Any CPU
		{A119405E-7D44-444C-BA80-DD897D45FD49}.Release|Any CPU.ActiveCfg = Release|Any CPU
		{A119405E-7D44-444C-BA80-DD897D45FD49}.Release|Any CPU.Build.0 = Release|Any CPU
	EndGlobalSection
	GlobalSection(SolutionProperties) = preSolution
		HideSolutionNode = FALSE
	EndGlobalSection
	GlobalSection(ExtensibilityGlobals) = postSolution
		SolutionGuid = {12E85620-18EC-4D25-A7DC-4F2761F3AE3D}
	EndGlobalSection
EndGlobal
